lockfileVersion: '6.0'

settings:
  autoInstallPeers: true
  excludeLinksFromLockfile: false

dependencies:
  aws-jwt-verify:
    specifier: ^4.0.0
    version: 4.0.0

packages:

  /aws-jwt-verify@4.0.0:
    resolution: {integrity: sha512-1kCv+Ub3jBaQ6HnIjfAXswjp7xD0LO4GxwbQZ/o9IoJpb8/ZBUhHu5GQ4k2O7jOVTS/KOz86uw4NV71V3s6V3g==}
    engines: {node: '>=14.0.0'}
    dev: false
